GEM
  remote: https://rubygems.org/
  specs:
    asciidoctor (2.0.26)
    asciidoctor-diagram (3.2.1)
      asciidoctor (>= 1.5.7, < 3.x)
      rexml
    barby (0.6.9)
    chunky_png (1.4.0)
    logger (1.7.0)
    rexml (3.4.4)
    rouge (5.0.0)
      strscan (~> 3.1)
    rqrcode (2.2.0)
      chunky_png (~> 1.0)
      rqrcode_core (~> 1.0)
    rqrcode_core (1.2.0)
    strscan (3.1.8)

PLATFORMS
  arm64-darwin-25
  ruby

DEPENDENCIES
  asciidoctor
  asciidoctor-diagram
  barby (~> 0.6.8)
  logger
  rouge
  rqrcode (~> 2.0)

CHECKSUMS
  asciidoctor (2.0.26) sha256=16e3accf1fc206bbd6335848649d7fd65f31d2daa60d85af13d47a8ee4b071c1
  asciidoctor-diagram (3.2.1) sha256=e432d051f2a627f7846a22b7beb1f6c8bb392f49ee07e2cb73be2611242a6684
  barby (0.6.9) sha256=8b06bdcd6780de99b4f4e10991c60ae579224263f104c2ad213c7d6846ab0dea
  chunky_png (1.4.0) sha256=89d5b31b55c0cf4da3cf89a2b4ebc3178d8abe8cbaf116a1dba95668502fdcfe
  logger (1.7.0) sha256=196edec7cc44b66cfb40f9755ce11b392f21f7967696af15d274dde7edff0203
  rexml (3.4.4) sha256=19e0a2c3425dfbf2d4fc1189747bdb2f849b6c5e74180401b15734bc97b5d142
  rouge (5.0.0) sha256=e2de9bba2f9cb88f8a73bca3643b560b2b398f32f91bf716f584477bc0175ebc
  rqrcode (2.2.0) sha256=23eea88bb44c7ee6d6cab9354d08c287f7ebcdc6112e1fe7bcc2d010d1ffefc1
  rqrcode_core (1.2.0) sha256=cf4989dc82d24e2877984738c4ee569308625fed2a810960f1b02d68d0308d1a
  strscan (3.1.8) sha256=aae2db611a225559f21ffbb71765c9a4e60fd262534a9ea84f4f11c7f32f679e

BUNDLED WITH
  4.0.16
